
Microsoft Visual Studio Solution File, Format Version 12.00
# Visual Studio 15
VisualStudioVersion = 15.0.26124.0
MinimumVisualStudioVersion = 15.0.26124.0
Project("{FAE04EC0-301F-11D3-BF4B-00C04F79EFBC}") = "library", "library\library.csproj", "{4371A88E-D5AD-4173-BAA4-C418565DE0A2}"
EndProject
Project("{FAE04EC0-301F-11D3-BF4B-00C04F79EFBC}") = "test-library", "test-library\test-library.csproj", "{AD5286C6-B501-4927-881B-DF8C9A849316}"
EndProject
Project("{FAE04EC0-301F-11D3-BF4B-00C04F79EFBC}") = "app", "app\app.csproj", "{9F142CC7-E2AE-45DC-9F0D-1914319E7C30}"
EndProject
Global
	GlobalSection(SolutionConfigurationPlatforms) = preSolution
		Debug|Any CPU = Debug|Any CPU
		Debug|x64 = Debug|x64
		Debug|x86 = Debug|x86
		Release|Any CPU = Release|Any CPU
		Release|x64 = Release|x64
		Release|x86 = Release|x86
	EndGlobalSection
	GlobalSection(SolutionProperties) = preSolution
		HideSolutionNode = FALSE
	EndGlobalSection
	GlobalSection(ProjectConfigurationPlatforms) = postSolution
		{4371A88E-D5AD-4173-BAA4-C418565DE0A2}.Debug|Any CPU.ActiveCfg = Debug|Any CPU
		{4371A88E-D5AD-4173-BAA4-C418565DE0A2}.Debug|Any CPU.Build.0 = Debug|Any CPU
		{4371A88E-D5AD-4173-BAA4-C418565DE0A2}.Debug|x64.ActiveCfg = Debug|x64
		{4371A88E-D5AD-4173-BAA4-C418565DE0A2}.Debug|x64.Build.0 = Debug|x64
		{4371A88E-D5AD-4173-BAA4-C418565DE0A2}.Debug|x86.ActiveCfg = Debug|x86
		{4371A88E-D5AD-4173-BAA4-C418565DE0A2}.Debug|x86.Build.0 = Debug|x86
		{4371A88E-D5AD-4173-BAA4-C418565DE0A2}.Release|Any CPU.ActiveCfg = Release|Any CPU
		{4371A88E-D5AD-4173-BAA4-C418565DE0A2}.Release|Any CPU.Build.0 = Release|Any CPU
		{4371A88E-D5AD-4173-BAA4-C418565DE0A2}.Release|x64.ActiveCfg = Release|x64
		{4371A88E-D5AD-4173-BAA4-C418565DE0A2}.Release|x64.Build.0 = Release|x64
		{4371A88E-D5AD-4173-BAA4-C418565DE0A2}.Release|x86.ActiveCfg = Release|x86
		{4371A88E-D5AD-4173-BAA4-C418565DE0A2}.Release|x86.Build.0 = Release|x86
		{AD5286C6-B501-4927-881B-DF8C9A849316}.Debug|Any CPU.ActiveCfg = Debug|Any CPU
		{AD5286C6-B501-4927-881B-DF8C9A849316}.Debug|Any CPU.Build.0 = Debug|Any CPU
		{AD5286C6-B501-4927-881B-DF8C9A849316}.Debug|x64.ActiveCfg = Debug|x64
		{AD5286C6-B501-4927-881B-DF8C9A849316}.Debug|x64.Build.0 = Debug|x64
		{AD5286C6-B501-4927-881B-DF8C9A849316}.Debug|x86.ActiveCfg = Debug|x86
		{AD5286C6-B501-4927-881B-DF8C9A849316}.Debug|x86.Build.0 = Debug|x86
		{AD5286C6-B501-4927-881B-DF8C9A849316}.Release|Any CPU.ActiveCfg = Release|Any CPU
		{AD5286C6-B501-4927-881B-DF8C9A849316}.Release|Any CPU.Build.0 = Release|Any CPU
		{AD5286C6-B501-4927-881B-DF8C9A849316}.Release|x64.ActiveCfg = Release|x64
		{AD5286C6-B501-4927-881B-DF8C9A849316}.Release|x64.Build.0 = Release|x64
		{AD5286C6-B501-4927-881B-DF8C9A849316}.Release|x86.ActiveCfg = Release|x86
		{AD5286C6-B501-4927-881B-DF8C9A849316}.Release|x86.Build.0 = Release|x86
		{9F142CC7-E2AE-45DC-9F0D-1914319E7C30}.Debug|Any CPU.ActiveCfg = Debug|Any CPU
		{9F142CC7-E2AE-45DC-9F0D-1914319E7C30}.Debug|Any CPU.Build.0 = Debug|Any CPU
		{9F142CC7-E2AE-45DC-9F0D-1914319E7C30}.Debug|x64.ActiveCfg = Debug|x64
		{9F142CC7-E2AE-45DC-9F0D-1914319E7C30}.Debug|x64.Build.0 = Debug|x64
		{9F142CC7-E2AE-45DC-9F0D-1914319E7C30}.Debug|x86.ActiveCfg = Debug|x86
		{9F142CC7-E2AE-45DC-9F0D-1914319E7C30}.Debug|x86.Build.0 = Debug|x86
		{9F142CC7-E2AE-45DC-9F0D-1914319E7C30}.Release|Any CPU.ActiveCfg = Release|Any CPU
		{9F142CC7-E2AE-45DC-9F0D-1914319E7C30}.Release|Any CPU.Build.0 = Release|Any CPU
		{9F142CC7-E2AE-45DC-9F0D-1914319E7C30}.Release|x64.ActiveCfg = Release|x64
		{9F142CC7-E2AE-45DC-9F0D-1914319E7C30}.Release|x64.Build.0 = Release|x64
		{9F142CC7-E2AE-45DC-9F0D-1914319E7C30}.Release|x86.ActiveCfg = Release|x86
		{9F142CC7-E2AE-45DC-9F0D-1914319E7C30}.Release|x86.Build.0 = Release|x86
	EndGlobalSection
EndGlobal
